// !$*UTF8*$!
{
	archiveVersion = 1;
	classes = {
	};
	objectVersion = 50;
	objects = {

/* Begin PBXBuildFile section */
		120608BC20BF783D009B0450 /* LLPhotoPiker.m in Sources */ = {isa = PBXBuildFile; fileRef = 1206089420BF7837009B0450 /* LLPhotoPiker.m */; };
		120608BD20BF783D009B0450 /* LLCycleScrollView.m in Sources */ = {isa = PBXBuildFile; fileRef = 1206089520BF7838009B0450 /* LLCycleScrollView.m */; };
		120608BE20BF783D009B0450 /* LLNetWorkConfig.m in Sources */ = {isa = PBXBuildFile; fileRef = 1206089620BF7838009B0450 /* LLNetWorkConfig.m */; };
		120608BF20BF783D009B0450 /* UIViewController+LLNetWork.h in Headers */ = {isa = PBXBuildFile; fileRef = 1206089720BF7838009B0450 /* UIViewController+LLNetWork.h */; };
		120608C020BF783D009B0450 /* NSObject+MethodCollection.m in Sources */ = {isa = PBXBuildFile; fileRef = 1206089820BF7838009B0450 /* NSObject+MethodCollection.m */; };
		120608C120BF783D009B0450 /* LDDataPikerController.h in Headers */ = {isa = PBXBuildFile; fileRef = 1206089920BF7838009B0450 /* LDDataPikerController.h */; };
		120608C220BF783D009B0450 /* LDConstValue.h in Headers */ = {isa = PBXBuildFile; fileRef = 1206089A20BF7838009B0450 /* LDConstValue.h */; };
		120608C320BF783D009B0450 /* LDLocalConfigDataHandel.h in Headers */ = {isa = PBXBuildFile; fileRef = 1206089B20BF7838009B0450 /* LDLocalConfigDataHandel.h */; };
		120608C420BF783D009B0450 /* LDTableViewHandel.m in Sources */ = {isa = PBXBuildFile; fileRef = 1206089C20BF7838009B0450 /* LDTableViewHandel.m */; };
		120608C520BF783D009B0450 /* CustomPresentionConrtroller.h in Headers */ = {isa = PBXBuildFile; fileRef = 1206089D20BF7839009B0450 /* CustomPresentionConrtroller.h */; };
		120608C620BF783D009B0450 /* LLPhotoPiker.h in Headers */ = {isa = PBXBuildFile; fileRef = 1206089E20BF7839009B0450 /* LLPhotoPiker.h */; };
		120608C720BF783D009B0450 /* LLPresentionConrtroller.h in Headers */ = {isa = PBXBuildFile; fileRef = 1206089F20BF7839009B0450 /* LLPresentionConrtroller.h */; };
		120608C820BF783D009B0450 /* LDTextFieldHandel.m in Sources */ = {isa = PBXBuildFile; fileRef = 120608A020BF7839009B0450 /* LDTextFieldHandel.m */; };
		120608C920BF783D009B0450 /* LDCustomAlertController.h in Headers */ = {isa = PBXBuildFile; fileRef = 120608A120BF7839009B0450 /* LDCustomAlertController.h */; };
		120608CA20BF783D009B0450 /* LDTableViewHandel.h in Headers */ = {isa = PBXBuildFile; fileRef = 120608A220BF7839009B0450 /* LDTableViewHandel.h */; };
		120608CB20BF783D009B0450 /* LLNetWorkWidget.h in Headers */ = {isa = PBXBuildFile; fileRef = 120608A320BF7839009B0450 /* LLNetWorkWidget.h */; };
		120608CC20BF783D009B0450 /* LDTextFieldHandel.h in Headers */ = {isa = PBXBuildFile; fileRef = 120608A420BF7839009B0450 /* LDTextFieldHandel.h */; };
		120608CD20BF783D009B0450 /* UILabel+YBAttributeTextTapAction.h in Headers */ = {isa = PBXBuildFile; fileRef = 120608A520BF783A009B0450 /* UILabel+YBAttributeTextTapAction.h */; };
		120608CE20BF783D009B0450 /* LDPlacehodelTextVIew.m in Sources */ = {isa = PBXBuildFile; fileRef = 120608A620BF783A009B0450 /* LDPlacehodelTextVIew.m */; };
		120608CF20BF783D009B0450 /* UIView+ConvenientInit.h in Headers */ = {isa = PBXBuildFile; fileRef = 120608A720BF783A009B0450 /* UIView+ConvenientInit.h */; };
		120608D020BF783D009B0450 /* LLNetWorkManager.h in Headers */ = {isa = PBXBuildFile; fileRef = 120608A820BF783A009B0450 /* LLNetWorkManager.h */; };
		120608D120BF783D009B0450 /* LLCycleScrollView.h in Headers */ = {isa = PBXBuildFile; fileRef = 120608A920BF783A009B0450 /* LLCycleScrollView.h */; };
		120608D220BF783D009B0450 /* LLNetWorkWidget.m in Sources */ = {isa = PBXBuildFile; fileRef = 120608AA20BF783A009B0450 /* LLNetWorkWidget.m */; };
		120608D320BF783D009B0450 /* NSObject+MethodCollection.h in Headers */ = {isa = PBXBuildFile; fileRef = 120608AB20BF783A009B0450 /* NSObject+MethodCollection.h */; };
		120608D420BF783D009B0450 /* LLPresentionConrtroller.m in Sources */ = {isa = PBXBuildFile; fileRef = 120608AC20BF783B009B0450 /* LLPresentionConrtroller.m */; };
		120608D520BF783D009B0450 /* UITextField+LDDynamicText.h in Headers */ = {isa = PBXBuildFile; fileRef = 120608AD20BF783B009B0450 /* UITextField+LDDynamicText.h */; };
		120608D620BF783D009B0450 /* UITextField+LDDynamicText.m in Sources */ = {isa = PBXBuildFile; fileRef = 120608AE20BF783B009B0450 /* UITextField+LDDynamicText.m */; };
		120608D720BF783D009B0450 /* UIViewController+LLNetWork.m in Sources */ = {isa = PBXBuildFile; fileRef = 120608AF20BF783B009B0450 /* UIViewController+LLNetWork.m */; };
		120608D820BF783D009B0450 /* LLNetWorkConfig.h in Headers */ = {isa = PBXBuildFile; fileRef = 120608B020BF783B009B0450 /* LLNetWorkConfig.h */; };
		120608D920BF783D009B0450 /* LDDatePikerController.h in Headers */ = {isa = PBXBuildFile; fileRef = 120608B120BF783B009B0450 /* LDDatePikerController.h */; };
		120608DA20BF783D009B0450 /* LDCustomAlertController.m in Sources */ = {isa = PBXBuildFile; fileRef = 120608B220BF783B009B0450 /* LDCustomAlertController.m */; };
		120608DB20BF783D009B0450 /* UIView+ConvenientInit.m in Sources */ = {isa = PBXBuildFile; fileRef = 120608B320BF783C009B0450 /* UIView+ConvenientInit.m */; };
		120608DC20BF783D009B0450 /* CustomPresentionConrtroller.m in Sources */ = {isa = PBXBuildFile; fileRef = 120608B420BF783C009B0450 /* CustomPresentionConrtroller.m */; };
		120608DD20BF783D009B0450 /* UILabel+YBAttributeTextTapAction.m in Sources */ = {isa = PBXBuildFile; fileRef = 120608B520BF783C009B0450 /* UILabel+YBAttributeTextTapAction.m */; };
		120608DE20BF783D009B0450 /* LDAlertViewController.h in Headers */ = {isa = PBXBuildFile; fileRef = 120608B620BF783C009B0450 /* LDAlertViewController.h */; };
		120608DF20BF783D009B0450 /* LDAlertViewController.m in Sources */ = {isa = PBXBuildFile; fileRef = 120608B720BF783C009B0450 /* LDAlertViewController.m */; };
		120608E020BF783D009B0450 /* LDDataPikerController.m in Sources */ = {isa = PBXBuildFile; fileRef = 120608B820BF783C009B0450 /* LDDataPikerController.m */; };
		120608E120BF783D009B0450 /* LDLocalConfigDataHandel.m in Sources */ = {isa = PBXBuildFile; fileRef = 120608B920BF783C009B0450 /* LDLocalConfigDataHandel.m */; };
		120608E220BF783D009B0450 /* LDDatePikerController.m in Sources */ = {isa = PBXBuildFile; fileRef = 120608BA20BF783C009B0450 /* LDDatePikerController.m */; };
		120608E320BF783D009B0450 /* LLNetWorkManager.m in Sources */ = {isa = PBXBuildFile; fileRef = 120608BB20BF783D009B0450 /* LLNetWorkManager.m */; };
		12150FE320A985B90083A6FA /* LLUICreator.framework in Frameworks */ = {isa = PBXBuildFile; fileRef = 12150FD920A985B90083A6FA /* LLUICreator.framework */; };
		12150FE820A985B90083A6FA /* LLUICreatorTests.m in Sources */ = {isa = PBXBuildFile; fileRef = 12150FE720A985B90083A6FA /* LLUICreatorTests.m */; };
		1215100420A985D40083A6FA /* LLTextViewCreator.h in Headers */ = {isa = PBXBuildFile; fileRef = 12150FF320A985D30083A6FA /* LLTextViewCreator.h */; settings = {ATTRIBUTES = (Public, ); }; };
		1215100520A985D40083A6FA /* UIButton+LLPositionAdjust.h in Headers */ = {isa = PBXBuildFile; fileRef = 12150FF420A985D30083A6FA /* UIButton+LLPositionAdjust.h */; };
		1215100620A985D40083A6FA /* LLTableViewCreator.m in Sources */ = {isa = PBXBuildFile; fileRef = 12150FF520A985D30083A6FA /* LLTableViewCreator.m */; };
		1215100720A985D40083A6FA /* UITextView+ZWPlaceHolder.m in Sources */ = {isa = PBXBuildFile; fileRef = 12150FF620A985D30083A6FA /* UITextView+ZWPlaceHolder.m */; };
		1215100820A985D40083A6FA /* LLButtonCreator.h in Headers */ = {isa = PBXBuildFile; fileRef = 12150FF720A985D30083A6FA /* LLButtonCreator.h */; settings = {ATTRIBUTES = (Public, ); }; };
		1215100920A985D40083A6FA /* LLTextFieldCreator.h in Headers */ = {isa = PBXBuildFile; fileRef = 12150FF820A985D30083A6FA /* LLTextFieldCreator.h */; settings = {ATTRIBUTES = (Public, ); }; };
		1215100A20A985D40083A6FA /* UITextView+ZWPlaceHolder.h in Headers */ = {isa = PBXBuildFile; fileRef = 12150FF920A985D30083A6FA /* UITextView+ZWPlaceHolder.h */; };
		1215100B20A985D40083A6FA /* LLUICreator.h in Headers */ = {isa = PBXBuildFile; fileRef = 12150FFA20A985D30083A6FA /* LLUICreator.h */; settings = {ATTRIBUTES = (Public, ); }; };
		1215100C20A985D40083A6FA /* UIButton+LLPositionAdjust.m in Sources */ = {isa = PBXBuildFile; fileRef = 12150FFB20A985D30083A6FA /* UIButton+LLPositionAdjust.m */; };
		1215100D20A985D40083A6FA /* LLViewCreator.h in Headers */ = {isa = PBXBuildFile; fileRef = 12150FFC20A985D30083A6FA /* LLViewCreator.h */; settings = {ATTRIBUTES = (Public, ); }; };
		1215100E20A985D40083A6FA /* LLLableCreator.h in Headers */ = {isa = PBXBuildFile; fileRef = 12150FFD20A985D30083A6FA /* LLLableCreator.h */; settings = {ATTRIBUTES = (Public, ); }; };
		1215100F20A985D40083A6FA /* LLTextViewCreator.m in Sources */ = {isa = PBXBuildFile; fileRef = 12150FFE20A985D30083A6FA /* LLTextViewCreator.m */; };
		1215101020A985D40083A6FA /* LLViewCreator.m in Sources */ = {isa = PBXBuildFile; fileRef = 12150FFF20A985D40083A6FA /* LLViewCreator.m */; };
		1215101120A985D40083A6FA /* LLLableCreator.m in Sources */ = {isa = PBXBuildFile; fileRef = 1215100020A985D40083A6FA /* LLLableCreator.m */; };
		1215101220A985D40083A6FA /* LLTextFieldCreator.m in Sources */ = {isa = PBXBuildFile; fileRef = 1215100120A985D40083A6FA /* LLTextFieldCreator.m */; };
		1215101320A985D40083A6FA /* LLTableViewCreator.h in Headers */ = {isa = PBXBuildFile; fileRef = 1215100220A985D40083A6FA /* LLTableViewCreator.h */; settings = {ATTRIBUTES = (Public, ); }; };
		1215101420A985D40083A6FA /* LLButtonCreator.m in Sources */ = {isa = PBXBuildFile; fileRef = 1215100320A985D40083A6FA /* LLButtonCreator.m */; };
		127D503F20AE6CC700AB0043 /* LLLineChartView.h in Headers */ = {isa = PBXBuildFile; fileRef = 127D503920AE6CC700AB0043 /* LLLineChartView.h */; };
		127D504020AE6CC700AB0043 /* LLLineCharContentView.m in Sources */ = {isa = PBXBuildFile; fileRef = 127D503A20AE6CC700AB0043 /* LLLineCharContentView.m */; };
		127D504120AE6CC700AB0043 /* LLLineChartView.m in Sources */ = {isa = PBXBuildFile; fileRef = 127D503B20AE6CC700AB0043 /* LLLineChartView.m */; };
		127D504220AE6CC700AB0043 /* LLLineCharContentView.h in Headers */ = {isa = PBXBuildFile; fileRef = 127D503C20AE6CC700AB0043 /* LLLineCharContentView.h */; };
		127D504320AE6CC700AB0043 /* LLineCharBaseView.m in Sources */ = {isa = PBXBuildFile; fileRef = 127D503D20AE6CC700AB0043 /* LLineCharBaseView.m */; };
		127D504420AE6CC700AB0043 /* LLineCharBaseView.h in Headers */ = {isa = PBXBuildFile; fileRef = 127D503E20AE6CC700AB0043 /* LLineCharBaseView.h */; };
/* End PBXBuildFile section */

/* Begin PBXContainerItemProxy section */
		12150FE420A985B90083A6FA /* PBXContainerItemProxy */ = {
			isa = PBXContainerItemProxy;
			containerPortal = 12150FD020A985B90083A6FA /* Project object */;
			proxyType = 1;
			remoteGlobalIDString = 12150FD820A985B90083A6FA;
			remoteInfo = LLUICreator;
		};
/* End PBXContainerItemProxy section */

/* Begin PBXFileReference section */
		1206089420BF7837009B0450 /* LLPhotoPiker.m */ = {isa = PBXFileReference; fileEncoding = 4; lastKnownFileType = sourcecode.c.objc; path = LLPhotoPiker.m; sourceTree = "<group>"; };
		1206089520BF7838009B0450 /* LLCycleScrollView.m */ = {isa = PBXFileReference; fileEncoding = 4; lastKnownFileType = sourcecode.c.objc; path = LLCycleScrollView.m; sourceTree = "<group>"; };
		1206089620BF7838009B0450 /* LLNetWorkConfig.m */ = {isa = PBXFileReference; fileEncoding = 4; lastKnownFileType = sourcecode.c.objc; path = LLNetWorkConfig.m; sourceTree = "<group>"; };
		1206089720BF7838009B0450 /* UIViewController+LLNetWork.h */ = {isa = PBXFileReference; fileEncoding = 4; lastKnownFileType = sourcecode.c.h; path = "UIViewController+LLNetWork.h"; sourceTree = "<group>"; };
		1206089820BF7838009B0450 /* NSObject+MethodCollection.m */ = {isa = PBXFileReference; fileEncoding = 4; lastKnownFileType = sourcecode.c.objc; path = "NSObject+MethodCollection.m"; sourceTree = "<group>"; };
		1206089920BF7838009B0450 /* LDDataPikerController.h */ = {isa = PBXFileReference; fileEncoding = 4; lastKnownFileType = sourcecode.c.h; path = LDDataPikerController.h; sourceTree = "<group>"; };
		1206089A20BF7838009B0450 /* LDConstValue.h */ = {isa = PBXFileReference; fileEncoding = 4; lastKnownFileType = sourcecode.c.h; path = LDConstValue.h; sourceTree = "<group>"; };
		1206089B20BF7838009B0450 /* LDLocalConfigDataHandel.h */ = {isa = PBXFileReference; fileEncoding = 4; lastKnownFileType = sourcecode.c.h; path = LDLocalConfigDataHandel.h; sourceTree = "<group>"; };
		1206089C20BF7838009B0450 /* LDTableViewHandel.m */ = {isa = PBXFileReference; fileEncoding = 4; lastKnownFileType = sourcecode.c.objc; path = LDTableViewHandel.m; sourceTree = "<group>"; };
		1206089D20BF7839009B0450 /* CustomPresentionConrtroller.h */ = {isa = PBXFileReference; fileEncoding = 4; lastKnownFileType = sourcecode.c.h; path = CustomPresentionConrtroller.h; sourceTree = "<group>"; };
		1206089E20BF7839009B0450 /* LLPhotoPiker.h */ = {isa = PBXFileReference; fileEncoding = 4; lastKnownFileType = sourcecode.c.h; path = LLPhotoPiker.h; sourceTree = "<group>"; };
		1206089F20BF7839009B0450 /* LLPresentionConrtroller.h */ = {isa = PBXFileReference; fileEncoding = 4; lastKnownFileType = sourcecode.c.h; path = LLPresentionConrtroller.h; sourceTree = "<group>"; };
		120608A020BF7839009B0450 /* LDTextFieldHandel.m */ = {isa = PBXFileReference; fileEncoding = 4; lastKnownFileType = sourcecode.c.objc; path = LDTextFieldHandel.m; sourceTree = "<group>"; };
		120608A120BF7839009B0450 /* LDCustomAlertController.h */ = {isa = PBXFileReference; fileEncoding = 4; lastKnownFileType = sourcecode.c.h; path = LDCustomAlertController.h; sourceTree = "<group>"; };
		120608A220BF7839009B0450 /* LDTableViewHandel.h */ = {isa = PBXFileReference; fileEncoding = 4; lastKnownFileType = sourcecode.c.h; path = LDTableViewHandel.h; sourceTree = "<group>"; };
		120608A320BF7839009B0450 /* LLNetWorkWidget.h */ = {isa = PBXFileReference; fileEncoding = 4; lastKnownFileType = sourcecode.c.h; path = LLNetWorkWidget.h; sourceTree = "<group>"; };
		120608A420BF7839009B0450 /* LDTextFieldHandel.h */ = {isa = PBXFileReference; fileEncoding = 4; lastKnownFileType = sourcecode.c.h; path = LDTextFieldHandel.h; sourceTree = "<group>"; };
		120608A520BF783A009B0450 /* UILabel+YBAttributeTextTapAction.h */ = {isa = PBXFileReference; fileEncoding = 4; lastKnownFileType = sourcecode.c.h; path = "UILabel+YBAttributeTextTapAction.h"; sourceTree = "<group>"; };
		120608A620BF783A009B0450 /* LDPlacehodelTextVIew.m */ = {isa = PBXFileReference; fileEncoding = 4; lastKnownFileType = sourcecode.c.objc; path = LDPlacehodelTextVIew.m; sourceTree = "<group>"; };
		120608A720BF783A009B0450 /* UIView+ConvenientInit.h */ = {isa = PBXFileReference; fileEncoding = 4; lastKnownFileType = sourcecode.c.h; path = "UIView+ConvenientInit.h"; sourceTree = "<group>"; };
		120608A820BF783A009B0450 /* LLNetWorkManager.h */ = {isa = PBXFileReference; fileEncoding = 4; lastKnownFileType = sourcecode.c.h; path = LLNetWorkManager.h; sourceTree = "<group>"; };
		120608A920BF783A009B0450 /* LLCycleScrollView.h */ = {isa = PBXFileReference; fileEncoding = 4; lastKnownFileType = sourcecode.c.h; path = LLCycleScrollView.h; sourceTree = "<group>"; };
		120608AA20BF783A009B0450 /* LLNetWorkWidget.m */ = {isa = PBXFileReference; fileEncoding = 4; lastKnownFileType = sourcecode.c.objc; path = LLNetWorkWidget.m; sourceTree = "<group>"; };
		120608AB20BF783A009B0450 /* NSObject+MethodCollection.h */ = {isa = PBXFileReference; fileEncoding = 4; lastKnownFileType = sourcecode.c.h; path = "NSObject+MethodCollection.h"; sourceTree = "<group>"; };
		120608AC20BF783B009B0450 /* LLPresentionConrtroller.m */ = {isa = PBXFileReference; fileEncoding = 4; lastKnownFileType = sourcecode.c.objc; path = LLPresentionConrtroller.m; sourceTree = "<group>"; };
		120608AD20BF783B009B0450 /* UITextField+LDDynamicText.h */ = {isa = PBXFileReference; fileEncoding = 4; lastKnownFileType = sourcecode.c.h; path = "UITextField+LDDynamicText.h"; sourceTree = "<group>"; };
		120608AE20BF783B009B0450 /* UITextField+LDDynamicText.m */ = {isa = PBXFileReference; fileEncoding = 4; lastKnownFileType = sourcecode.c.objc; path = "UITextField+LDDynamicText.m"; sourceTree = "<group>"; };
		120608AF20BF783B009B0450 /* UIViewController+LLNetWork.m */ = {isa = PBXFileReference; fileEncoding = 4; lastKnownFileType = sourcecode.c.objc; path = "UIViewController+LLNetWork.m"; sourceTree = "<group>"; };
		120608B020BF783B009B0450 /* LLNetWorkConfig.h */ = {isa = PBXFileReference; fileEncoding = 4; lastKnownFileType = sourcecode.c.h; path = LLNetWorkConfig.h; sourceTree = "<group>"; };
		120608B120BF783B009B0450 /* LDDatePikerController.h */ = {isa = PBXFileReference; fileEncoding = 4; lastKnownFileType = sourcecode.c.h; path = LDDatePikerController.h; sourceTree = "<group>"; };
		120608B220BF783B009B0450 /* LDCustomAlertController.m */ = {isa = PBXFileReference; fileEncoding = 4; lastKnownFileType = sourcecode.c.objc; path = LDCustomAlertController.m; sourceTree = "<group>"; };
		120608B320BF783C009B0450 /* UIView+ConvenientInit.m */ = {isa = PBXFileReference; fileEncoding = 4; lastKnownFileType = sourcecode.c.objc; path = "UIView+ConvenientInit.m"; sourceTree = "<group>"; };
		120608B420BF783C009B0450 /* CustomPresentionConrtroller.m */ = {isa = PBXFileReference; fileEncoding = 4; lastKnownFileType = sourcecode.c.objc; path = CustomPresentionConrtroller.m; sourceTree = "<group>"; };
		120608B520BF783C009B0450 /* UILabel+YBAttributeTextTapAction.m */ = {isa = PBXFileReference; fileEncoding = 4; lastKnownFileType = sourcecode.c.objc; path = "UILabel+YBAttributeTextTapAction.m"; sourceTree = "<group>"; };
		120608B620BF783C009B0450 /* LDAlertViewController.h */ = {isa = PBXFileReference; fileEncoding = 4; lastKnownFileType = sourcecode.c.h; path = LDAlertViewController.h; sourceTree = "<group>"; };
		120608B720BF783C009B0450 /* LDAlertViewController.m */ = {isa = PBXFileReference; fileEncoding = 4; lastKnownFileType = sourcecode.c.objc; path = LDAlertViewController.m; sourceTree = "<group>"; };
		120608B820BF783C009B0450 /* LDDataPikerController.m */ = {isa = PBXFileReference; fileEncoding = 4; lastKnownFileType = sourcecode.c.objc; path = LDDataPikerController.m; sourceTree = "<group>"; };
		120608B920BF783C009B0450 /* LDLocalConfigDataHandel.m */ = {isa = PBXFileReference; fileEncoding = 4; lastKnownFileType = sourcecode.c.objc; path = LDLocalConfigDataHandel.m; sourceTree = "<group>"; };
		120608BA20BF783C009B0450 /* LDDatePikerController.m */ = {isa = PBXFileReference; fileEncoding = 4; lastKnownFileType = sourcecode.c.objc; path = LDDatePikerController.m; sourceTree = "<group>"; };
		120608BB20BF783D009B0450 /* LLNetWorkManager.m */ = {isa = PBXFileReference; fileEncoding = 4; lastKnownFileType = sourcecode.c.objc; path = LLNetWorkManager.m; sourceTree = "<group>"; };
		12150FD920A985B90083A6FA /* LLUICreator.framework */ = {isa = PBXFileReference; explicitFileType = wrapper.framework; includeInIndex = 0; path = LLUICreator.framework; sourceTree = BUILT_PRODUCTS_DIR; };
		12150FDD20A985B90083A6FA /* Info.plist */ = {isa = PBXFileReference; lastKnownFileType = text.plist.xml; path = Info.plist; sourceTree = "<group>"; };
		12150FE220A985B90083A6FA /* LLUICreatorTests.xctest */ = {isa = PBXFileReference; explicitFileType = wrapper.cfbundle; includeInIndex = 0; path = LLUICreatorTests.xctest; sourceTree = BUILT_PRODUCTS_DIR; };
		12150FE720A985B90083A6FA /* LLUICreatorTests.m */ = {isa = PBXFileReference; lastKnownFileType = sourcecode.c.objc; path = LLUICreatorTests.m; sourceTree = "<group>"; };
		12150FE920A985B90083A6FA /* Info.plist */ = {isa = PBXFileReference; lastKnownFileType = text.plist.xml; path = Info.plist; sourceTree = "<group>"; };
		12150FF320A985D30083A6FA /* LLTextViewCreator.h */ = {isa = PBXFileReference; fileEncoding = 4; lastKnownFileType = sourcecode.c.h; path = LLTextViewCreator.h; sourceTree = "<group>"; };
		12150FF420A985D30083A6FA /* UIButton+LLPositionAdjust.h */ = {isa = PBXFileReference; fileEncoding = 4; lastKnownFileType = sourcecode.c.h; path = "UIButton+LLPositionAdjust.h"; sourceTree = "<group>"; };
		12150FF520A985D30083A6FA /* LLTableViewCreator.m */ = {isa = PBXFileReference; fileEncoding = 4; lastKnownFileType = sourcecode.c.objc; path = LLTableViewCreator.m; sourceTree = "<group>"; };
		12150FF620A985D30083A6FA /* UITextView+ZWPlaceHolder.m */ = {isa = PBXFileReference; fileEncoding = 4; lastKnownFileType = sourcecode.c.objc; path = "UITextView+ZWPlaceHolder.m"; sourceTree = "<group>"; };
		12150FF720A985D30083A6FA /* LLButtonCreator.h */ = {isa = PBXFileReference; fileEncoding = 4; lastKnownFileType = sourcecode.c.h; path = LLButtonCreator.h; sourceTree = "<group>"; };
		12150FF820A985D30083A6FA /* LLTextFieldCreator.h */ = {isa = PBXFileReference; fileEncoding = 4; lastKnownFileType = sourcecode.c.h; path = LLTextFieldCreator.h; sourceTree = "<group>"; };
		12150FF920A985D30083A6FA /* UITextView+ZWPlaceHolder.h */ = {isa = PBXFileReference; fileEncoding = 4; lastKnownFileType = sourcecode.c.h; path = "UITextView+ZWPlaceHolder.h"; sourceTree = "<group>"; };
		12150FFA20A985D30083A6FA /* LLUICreator.h */ = {isa = PBXFileReference; fileEncoding = 4; lastKnownFileType = sourcecode.c.h; path = LLUICreator.h; sourceTree = "<group>"; };
		12150FFB20A985D30083A6FA /* UIButton+LLPositionAdjust.m */ = {isa = PBXFileReference; fileEncoding = 4; lastKnownFileType = sourcecode.c.objc; path = "UIButton+LLPositionAdjust.m"; sourceTree = "<group>"; };
		12150FFC20A985D30083A6FA /* LLViewCreator.h */ = {isa = PBXFileReference; fileEncoding = 4; lastKnownFileType = sourcecode.c.h; path = LLViewCreator.h; sourceTree = "<group>"; };
		12150FFD20A985D30083A6FA /* LLLableCreator.h */ = {isa = PBXFileReference; fileEncoding = 4; lastKnownFileType = sourcecode.c.h; path = LLLableCreator.h; sourceTree = "<group>"; };
		12150FFE20A985D30083A6FA /* LLTextViewCreator.m */ = {isa = PBXFileReference; fileEncoding = 4; lastKnownFileType = sourcecode.c.objc; path = LLTextViewCreator.m; sourceTree = "<group>"; };
		12150FFF20A985D40083A6FA /* LLViewCreator.m */ = {isa = PBXFileReference; fileEncoding = 4; lastKnownFileType = sourcecode.c.objc; path = LLViewCreator.m; sourceTree = "<group>"; };
		1215100020A985D40083A6FA /* LLLableCreator.m */ = {isa = PBXFileReference; fileEncoding = 4; lastKnownFileType = sourcecode.c.objc; path = LLLableCreator.m; sourceTree = "<group>"; };
		1215100120A985D40083A6FA /* LLTextFieldCreator.m */ = {isa = PBXFileReference; fileEncoding = 4; lastKnownFileType = sourcecode.c.objc; path = LLTextFieldCreator.m; sourceTree = "<group>"; };
		1215100220A985D40083A6FA /* LLTableViewCreator.h */ = {isa = PBXFileReference; fileEncoding = 4; lastKnownFileType = sourcecode.c.h; path = LLTableViewCreator.h; sourceTree = "<group>"; };
		1215100320A985D40083A6FA /* LLButtonCreator.m */ = {isa = PBXFileReference; fileEncoding = 4; lastKnownFileType = sourcecode.c.objc; path = LLButtonCreator.m; sourceTree = "<group>"; };
		127D503920AE6CC700AB0043 /* LLLineChartView.h */ = {isa = PBXFileReference; fileEncoding = 4; lastKnownFileType = sourcecode.c.h; path = LLLineChartView.h; sourceTree = "<group>"; };
		127D503A20AE6CC700AB0043 /* LLLineCharContentView.m */ = {isa = PBXFileReference; fileEncoding = 4; lastKnownFileType = sourcecode.c.objc; path = LLLineCharContentView.m; sourceTree = "<group>"; };
		127D503B20AE6CC700AB0043 /* LLLineChartView.m */ = {isa = PBXFileReference; fileEncoding = 4; lastKnownFileType = sourcecode.c.objc; path = LLLineChartView.m; sourceTree = "<group>"; };
		127D503C20AE6CC700AB0043 /* LLLineCharContentView.h */ = {isa = PBXFileReference; fileEncoding = 4; lastKnownFileType = sourcecode.c.h; path = LLLineCharContentView.h; sourceTree = "<group>"; };
		127D503D20AE6CC700AB0043 /* LLineCharBaseView.m */ = {isa = PBXFileReference; fileEncoding = 4; lastKnownFileType = sourcecode.c.objc; path = LLineCharBaseView.m; sourceTree = "<group>"; };
		127D503E20AE6CC700AB0043 /* LLineCharBaseView.h */ = {isa = PBXFileReference; fileEncoding = 4; lastKnownFileType = sourcecode.c.h; path = LLineCharBaseView.h; sourceTree = "<group>"; };
/* End PBXFileReference section */

/* Begin PBXFrameworksBuildPhase section */
		12150FD520A985B90083A6FA /* Frameworks */ = {
			isa = PBXFrameworksBuildPhase;
			buildActionMask = 2147483647;
			files = (
			);
			runOnlyForDeploymentPostprocessing = 0;
		};
		12150FDF20A985B90083A6FA /* Frameworks */ = {
			isa = PBXFrameworksBuildPhase;
			buildActionMask = 2147483647;
			files = (
				12150FE320A985B90083A6FA /* LLUICreator.framework in Frameworks */,
			);
			runOnlyForDeploymentPostprocessing = 0;
		};
/* End PBXFrameworksBuildPhase section */

/* Begin PBXGroup section */
		12150FCF20A985B90083A6FA = {
			isa = PBXGroup;
			children = (
				12150FDB20A985B90083A6FA /* LLUICreator */,
				12150FE620A985B90083A6FA /* LLUICreatorTests */,
				12150FDA20A985B90083A6FA /* Products */,
			);
			sourceTree = "<group>";
		};
		12150FDA20A985B90083A6FA /* Products */ = {
			isa = PBXGroup;
			children = (
				12150FD920A985B90083A6FA /* LLUICreator.framework */,
				12150FE220A985B90083A6FA /* LLUICreatorTests.xctest */,
			);
			name = Products;
			sourceTree = "<group>";
		};
		12150FDB20A985B90083A6FA /* LLUICreator */ = {
			isa = PBXGroup;
			children = (
				12150FF720A985D30083A6FA /* LLButtonCreator.h */,
				1215100320A985D40083A6FA /* LLButtonCreator.m */,
				12150FFD20A985D30083A6FA /* LLLableCreator.h */,
				1215100020A985D40083A6FA /* LLLableCreator.m */,
				1206089D20BF7839009B0450 /* CustomPresentionConrtroller.h */,
				120608B420BF783C009B0450 /* CustomPresentionConrtroller.m */,
				120608B620BF783C009B0450 /* LDAlertViewController.h */,
				120608B720BF783C009B0450 /* LDAlertViewController.m */,
				1206089A20BF7838009B0450 /* LDConstValue.h */,
				120608A120BF7839009B0450 /* LDCustomAlertController.h */,
				120608B220BF783B009B0450 /* LDCustomAlertController.m */,
				1206089920BF7838009B0450 /* LDDataPikerController.h */,
				120608B820BF783C009B0450 /* LDDataPikerController.m */,
				120608B120BF783B009B0450 /* LDDatePikerController.h */,
				120608BA20BF783C009B0450 /* LDDatePikerController.m */,
				1206089B20BF7838009B0450 /* LDLocalConfigDataHandel.h */,
				120608B920BF783C009B0450 /* LDLocalConfigDataHandel.m */,
				120608A620BF783A009B0450 /* LDPlacehodelTextVIew.m */,
				120608A220BF7839009B0450 /* LDTableViewHandel.h */,
				1206089C20BF7838009B0450 /* LDTableViewHandel.m */,
				120608A420BF7839009B0450 /* LDTextFieldHandel.h */,
				120608A020BF7839009B0450 /* LDTextFieldHandel.m */,
				120608A920BF783A009B0450 /* LLCycleScrollView.h */,
				1206089520BF7838009B0450 /* LLCycleScrollView.m */,
				120608B020BF783B009B0450 /* LLNetWorkConfig.h */,
				1206089620BF7838009B0450 /* LLNetWorkConfig.m */,
				120608A820BF783A009B0450 /* LLNetWorkManager.h */,
				120608BB20BF783D009B0450 /* LLNetWorkManager.m */,
				120608A320BF7839009B0450 /* LLNetWorkWidget.h */,
				120608AA20BF783A009B0450 /* LLNetWorkWidget.m */,
				1206089E20BF7839009B0450 /* LLPhotoPiker.h */,
				1206089420BF7837009B0450 /* LLPhotoPiker.m */,
				1206089F20BF7839009B0450 /* LLPresentionConrtroller.h */,
				120608AC20BF783B009B0450 /* LLPresentionConrtroller.m */,
				120608AB20BF783A009B0450 /* NSObject+MethodCollection.h */,
				1206089820BF7838009B0450 /* NSObject+MethodCollection.m */,
				120608A520BF783A009B0450 /* UILabel+YBAttributeTextTapAction.h */,
				120608B520BF783C009B0450 /* UILabel+YBAttributeTextTapAction.m */,
				120608AD20BF783B009B0450 /* UITextField+LDDynamicText.h */,
				120608AE20BF783B009B0450 /* UITextField+LDDynamicText.m */,
				120608A720BF783A009B0450 /* UIView+ConvenientInit.h */,
				120608B320BF783C009B0450 /* UIView+ConvenientInit.m */,
				1206089720BF7838009B0450 /* UIViewController+LLNetWork.h */,
				120608AF20BF783B009B0450 /* UIViewController+LLNetWork.m */,
				1215100220A985D40083A6FA /* LLTableViewCreator.h */,
				12150FF520A985D30083A6FA /* LLTableViewCreator.m */,
				12150FF820A985D30083A6FA /* LLTextFieldCreator.h */,
				1215100120A985D40083A6FA /* LLTextFieldCreator.m */,
				12150FF320A985D30083A6FA /* LLTextViewCreator.h */,
				12150FFE20A985D30083A6FA /* LLTextViewCreator.m */,
				12150FFA20A985D30083A6FA /* LLUICreator.h */,
				12150FFC20A985D30083A6FA /* LLViewCreator.h */,
				12150FFF20A985D40083A6FA /* LLViewCreator.m */,
				12150FF420A985D30083A6FA /* UIButton+LLPositionAdjust.h */,
				12150FFB20A985D30083A6FA /* UIButton+LLPositionAdjust.m */,
				12150FF920A985D30083A6FA /* UITextView+ZWPlaceHolder.h */,
				12150FF620A985D30083A6FA /* UITextView+ZWPlaceHolder.m */,
				127D503E20AE6CC700AB0043 /* LLineCharBaseView.h */,
				127D503D20AE6CC700AB0043 /* LLineCharBaseView.m */,
				127D503C20AE6CC700AB0043 /* LLLineCharContentView.h */,
				127D503A20AE6CC700AB0043 /* LLLineCharContentView.m */,
				127D503920AE6CC700AB0043 /* LLLineChartView.h */,
				127D503B20AE6CC700AB0043 /* LLLineChartView.m */,
				12150FDD20A985B90083A6FA /* Info.plist */,
			);
			path = LLUICreator;
			sourceTree = "<group>";
		};
		12150FE620A985B90083A6FA /* LLUICreatorTests */ = {
			isa = PBXGroup;
			children = (
				12150FE720A985B90083A6FA /* LLUICreatorTests.m */,
				12150FE920A985B90083A6FA /* Info.plist */,
			);
			path = LLUICreatorTests;
			sourceTree = "<group>";
		};
/* End PBXGroup section */

/* Begin PBXHeadersBuildPhase section */
		12150FD620A985B90083A6FA /* Headers */ = {
			isa = PBXHeadersBuildPhase;
			buildActionMask = 2147483647;
			files = (
				1215100B20A985D40083A6FA /* LLUICreator.h in Headers */,
				120608BF20BF783D009B0450 /* UIViewController+LLNetWork.h in Headers */,
				1215100D20A985D40083A6FA /* LLViewCreator.h in Headers */,
				120608CA20BF783D009B0450 /* LDTableViewHandel.h in Headers */,
				120608D120BF783D009B0450 /* LLCycleScrollView.h in Headers */,
				120608D320BF783D009B0450 /* NSObject+MethodCollection.h in Headers */,
				1215100E20A985D40083A6FA /* LLLableCreator.h in Headers */,
				1215100820A985D40083A6FA /* LLButtonCreator.h in Headers */,
				127D504220AE6CC700AB0043 /* LLLineCharContentView.h in Headers */,
				120608C320BF783D009B0450 /* LDLocalConfigDataHandel.h in Headers */,
				120608CD20BF783D009B0450 /* UILabel+YBAttributeTextTapAction.h in Headers */,
				127D504420AE6CC700AB0043 /* LLineCharBaseView.h in Headers */,
				120608D520BF783D009B0450 /* UITextField+LDDynamicText.h in Headers */,
				120608CC20BF783D009B0450 /* LDTextFieldHandel.h in Headers */,
				120608D920BF783D009B0450 /* LDDatePikerController.h in Headers */,
				1215101320A985D40083A6FA /* LLTableViewCreator.h in Headers */,
				1215100420A985D40083A6FA /* LLTextViewCreator.h in Headers */,
				120608C520BF783D009B0450 /* CustomPresentionConrtroller.h in Headers */,
				120608C720BF783D009B0450 /* LLPresentionConrtroller.h in Headers */,
				120608CB20BF783D009B0450 /* LLNetWorkWidget.h in Headers */,
				120608DE20BF783D009B0450 /* LDAlertViewController.h in Headers */,
				1215100920A985D40083A6FA /* LLTextFieldCreator.h in Headers */,
				120608C220BF783D009B0450 /* LDConstValue.h in Headers */,
				120608CF20BF783D009B0450 /* UIView+ConvenientInit.h in Headers */,
				120608D020BF783D009B0450 /* LLNetWorkManager.h in Headers */,
				120608C920BF783D009B0450 /* LDCustomAlertController.h in Headers */,
				120608C120BF783D009B0450 /* LDDataPikerController.h in Headers */,
				120608D820BF783D009B0450 /* LLNetWorkConfig.h in Headers */,
				1215100520A985D40083A6FA /* UIButton+LLPositionAdjust.h in Headers */,
				120608C620BF783D009B0450 /* LLPhotoPiker.h in Headers */,
				127D503F20AE6CC700AB0043 /* LLLineChartView.h in Headers */,
				1215100A20A985D40083A6FA /* UITextView+ZWPlaceHolder.h in Headers */,
			);
			runOnlyForDeploymentPostprocessing = 0;
		};
/* End PBXHeadersBuildPhase section */

/* Begin PBXNativeTarget section */
		12150FD820A985B90083A6FA /* LLUICreator */ = {
			isa = PBXNativeTarget;
			buildConfigurationList = 12150FED20A985B90083A6FA /* Build configuration list for PBXNativeTarget "LLUICreator" */;
			buildPhases = (
				12150FD420A985B90083A6FA /* Sources */,
				12150FD520A985B90083A6FA /* Frameworks */,
				12150FD620A985B90083A6FA /* Headers */,
				12150FD720A985B90083A6FA /* Resources */,
			);
			buildRules = (
			);
			dependencies = (
			);
			name = LLUICreator;
			productName = LLUICreator;
			productReference = 12150FD920A985B90083A6FA /* LLUICreator.framework */;
			productType = "com.apple.product-type.framework";
		};
		12150FE120A985B90083A6FA /* LLUICreatorTests */ = {
			isa = PBXNativeTarget;
			buildConfigurationList = 12150FF020A985B90083A6FA /* Build configuration list for PBXNativeTarget "LLUICreatorTests" */;
			buildPhases = (
				12150FDE20A985B90083A6FA /* Sources */,
				12150FDF20A985B90083A6FA /* Frameworks */,
				12150FE020A985B90083A6FA /* Resources */,
			);
			buildRules = (
			);
			dependencies = (
				12150FE520A985B90083A6FA /* PBXTargetDependency */,
			);
			name = LLUICreatorTests;
			productName = LLUICreatorTests;
			productReference = 12150FE220A985B90083A6FA /* LLUICreatorTests.xctest */;
			productType = "com.apple.product-type.bundle.unit-test";
		};
/* End PBXNativeTarget section */

/* Begin PBXProject section */
		12150FD020A985B90083A6FA /* Project object */ = {
			isa = PBXProject;
			attributes = {
				LastUpgradeCheck = 0930;
				ORGANIZATIONNAME = lcus;
				TargetAttributes = {
					12150FD820A985B90083A6FA = {
						CreatedOnToolsVersion = 9.3;
					};
					12150FE120A985B90083A6FA = {
						CreatedOnToolsVersion = 9.3;
					};
				};
			};
			buildConfigurationList = 12150FD320A985B90083A6FA /* Build configuration list for PBXProject "LLUICreator" */;
			compatibilityVersion = "Xcode 9.3";
			developmentRegion = en;
			hasScannedForEncodings = 0;
			knownRegions = (
				en,
			);
			mainGroup = 12150FCF20A985B90083A6FA;
			productRefGroup = 12150FDA20A985B90083A6FA /* Products */;
			projectDirPath = "";
			projectRoot = "";
			targets = (
				12150FD820A985B90083A6FA /* LLUICreator */,
				12150FE120A985B90083A6FA /* LLUICreatorTests */,
			);
		};
/* End PBXProject section */

/* Begin PBXResourcesBuildPhase section */
		12150FD720A985B90083A6FA /* Resources */ = {
			isa = PBXResourcesBuildPhase;
			buildActionMask = 2147483647;
			files = (
			);
			runOnlyForDeploymentPostprocessing = 0;
		};
		12150FE020A985B90083A6FA /* Resources */ = {
			isa = PBXResourcesBuildPhase;
			buildActionMask = 2147483647;
			files = (
			);
			runOnlyForDeploymentPostprocessing = 0;
		};
/* End PBXResourcesBuildPhase section */

/* Begin PBXSourcesBuildPhase section */
		12150FD420A985B90083A6FA /* Sources */ = {
			isa = PBXSourcesBuildPhase;
			buildActionMask = 2147483647;
			files = (
				120608D620BF783D009B0450 /* UITextField+LDDynamicText.m in Sources */,
				120608C820BF783D009B0450 /* LDTextFieldHandel.m in Sources */,
				120608DF20BF783D009B0450 /* LDAlertViewController.m in Sources */,
				120608D420BF783D009B0450 /* LLPresentionConrtroller.m in Sources */,
				120608DD20BF783D009B0450 /* UILabel+YBAttributeTextTapAction.m in Sources */,
				120608E120BF783D009B0450 /* LDLocalConfigDataHandel.m in Sources */,
				1215101420A985D40083A6FA /* LLButtonCreator.m in Sources */,
				1215100720A985D40083A6FA /* UITextView+ZWPlaceHolder.m in Sources */,
				120608E020BF783D009B0450 /* LDDataPikerController.m in Sources */,
				120608E320BF783D009B0450 /* LLNetWorkManager.m in Sources */,
				120608DA20BF783D009B0450 /* LDCustomAlertController.m in Sources */,
				1215101020A985D40083A6FA /* LLViewCreator.m in Sources */,
				127D504120AE6CC700AB0043 /* LLLineChartView.m in Sources */,
				127D504320AE6CC700AB0043 /* LLineCharBaseView.m in Sources */,
				1215100C20A985D40083A6FA /* UIButton+LLPositionAdjust.m in Sources */,
				1215101120A985D40083A6FA /* LLLableCreator.m in Sources */,
				120608DB20BF783D009B0450 /* UIView+ConvenientInit.m in Sources */,
				120608BD20BF783D009B0450 /* LLCycleScrollView.m in Sources */,
				1215101220A985D40083A6FA /* LLTextFieldCreator.m in Sources */,
				120608C020BF783D009B0450 /* NSObject+MethodCollection.m in Sources */,
				120608E220BF783D009B0450 /* LDDatePikerController.m in Sources */,
				127D504020AE6CC700AB0043 /* LLLineCharContentView.m in Sources */,
				120608D220BF783D009B0450 /* LLNetWorkWidget.m in Sources */,
				120608DC20BF783D009B0450 /* CustomPresentionConrtroller.m in Sources */,
				120608D720BF783D009B0450 /* UIViewController+LLNetWork.m in Sources */,
				120608BE20BF783D009B0450 /* LLNetWorkConfig.m in Sources */,
				1215100F20A985D40083A6FA /* LLTextViewCreator.m in Sources */,
				120608C420BF783D009B0450 /* LDTableViewHandel.m in Sources */,
				120608BC20BF783D009B0450 /* LLPhotoPiker.m in Sources */,
				120608CE20BF783D009B0450 /* LDPlacehodelTextVIew.m in Sources */,
				1215100620A985D40083A6FA /* LLTableViewCreator.m in Sources */,
			);
			runOnlyForDeploymentPostprocessing = 0;
		};
		12150FDE20A985B90083A6FA /* Sources */ = {
			isa = PBXSourcesBuildPhase;
			buildActionMask = 2147483647;
			files = (
				12150FE820A985B90083A6FA /* LLUICreatorTests.m in Sources */,
			);
			runOnlyForDeploymentPostprocessing = 0;
		};
/* End PBXSourcesBuildPhase section */

/* Begin PBXTargetDependency section */
		12150FE520A985B90083A6FA /* PBXTargetDependency */ = {
			isa = PBXTargetDependency;
			target = 12150FD820A985B90083A6FA /* LLUICreator */;
			targetProxy = 12150FE420A985B90083A6FA /* PBXContainerItemProxy */;
		};
/* End PBXTargetDependency section */

/* Begin XCBuildConfiguration section */
		12150FEB20A985B90083A6FA /* Debug */ = {
			isa = XCBuildConfiguration;
			buildSettings = {
				ALWAYS_SEARCH_USER_PATHS = NO;
				CLANG_ANALYZER_NONNULL = YES;
				CLANG_ANALYZER_NUMBER_OBJECT_CONVERSION = YES_AGGRESSIVE;
				CLANG_CXX_LANGUAGE_STANDARD = "gnu++14";
				CLANG_CXX_LIBRARY = "libc++";
				CLANG_ENABLE_MODULES = YES;
				CLANG_ENABLE_OBJC_ARC = YES;
				CLANG_ENABLE_OBJC_WEAK = YES;
				CLANG_WARN_BLOCK_CAPTURE_AUTORELEASING = YES;
				CLANG_WARN_BOOL_CONVERSION = YES;
				CLANG_WARN_COMMA = YES;
				CLANG_WARN_CONSTANT_CONVERSION = YES;
				CLANG_WARN_DEPRECATED_OBJC_IMPLEMENTATIONS = YES;
				CLANG_WARN_DIRECT_OBJC_ISA_USAGE = YES_ERROR;
				CLANG_WARN_DOCUMENTATION_COMMENTS = YES;
				CLANG_WARN_EMPTY_BODY = YES;
				CLANG_WARN_ENUM_CONVERSION = YES;
				CLANG_WARN_INFINITE_RECURSION = YES;
				CLANG_WARN_INT_CONVERSION = YES;
				CLANG_WARN_NON_LITERAL_NULL_CONVERSION = YES;
				CLANG_WARN_OBJC_IMPLICIT_RETAIN_SELF = YES;
				CLANG_WARN_OBJC_LITERAL_CONVERSION = YES;
				CLANG_WARN_OBJC_ROOT_CLASS = YES_ERROR;
				CLANG_WARN_RANGE_LOOP_ANALYSIS = YES;
				CLANG_WARN_STRICT_PROTOTYPES = YES;
				CLANG_WARN_SUSPICIOUS_MOVE = YES;
				CLANG_WARN_UNGUARDED_AVAILABILITY = YES_AGGRESSIVE;
				CLANG_WARN_UNREACHABLE_CODE = YES;
				CLANG_WARN__DUPLICATE_METHOD_MATCH = YES;
				CODE_SIGN_IDENTITY = "iPhone Developer";
				COPY_PHASE_STRIP = NO;
				CURRENT_PROJECT_VERSION = 1;
				DEBUG_INFORMATION_FORMAT = dwarf;
				ENABLE_STRICT_OBJC_MSGSEND = YES;
				ENABLE_TESTABILITY = YES;
				GCC_C_LANGUAGE_STANDARD = gnu11;
				GCC_DYNAMIC_NO_PIC = NO;
				GCC_NO_COMMON_BLOCKS = YES;
				GCC_OPTIMIZATION_LEVEL = 0;
				GCC_PREPROCESSOR_DEFINITIONS = (
					"DEBUG=1",
					"$(inherited)",
				);
				GCC_WARN_64_TO_32_BIT_CONVERSION = YES;
				GCC_WARN_ABOUT_RETURN_TYPE = YES_ERROR;
				GCC_WARN_UNDECLARED_SELECTOR = YES;
				GCC_WARN_UNINITIALIZED_AUTOS = YES_AGGRESSIVE;
				GCC_WARN_UNUSED_FUNCTION = YES;
				GCC_WARN_UNUSED_VARIABLE = YES;
				IPHONEOS_DEPLOYMENT_TARGET = 11.3;
				MTL_ENABLE_DEBUG_INFO = YES;
				ONLY_ACTIVE_ARCH = YES;
				SDKROOT = iphoneos;
				VERSIONING_SYSTEM = "apple-generic";
				VERSION_INFO_PREFIX = "";
			};
			name = Debug;
		};
		12150FEC20A985B90083A6FA /* Release */ = {
			isa = XCBuildConfiguration;
			buildSettings = {
				ALWAYS_SEARCH_USER_PATHS = NO;
				CLANG_ANALYZER_NONNULL = YES;
				CLANG_ANALYZER_NUMBER_OBJECT_CONVERSION = YES_AGGRESSIVE;
				CLANG_CXX_LANGUAGE_STANDARD = "gnu++14";
				CLANG_CXX_LIBRARY = "libc++";
				CLANG_ENABLE_MODULES = YES;
				CLANG_ENABLE_OBJC_ARC = YES;
				CLANG_ENABLE_OBJC_WEAK = YES;
				CLANG_WARN_BLOCK_CAPTURE_AUTORELEASING = YES;
				CLANG_WARN_BOOL_CONVERSION = YES;
				CLANG_WARN_COMMA = YES;
				CLANG_WARN_CONSTANT_CONVERSION = YES;
				CLANG_WARN_DEPRECATED_OBJC_IMPLEMENTATIONS = YES;
				CLANG_WARN_DIRECT_OBJC_ISA_USAGE = YES_ERROR;
				CLANG_WARN_DOCUMENTATION_COMMENTS = YES;
				CLANG_WARN_EMPTY_BODY = YES;
				CLANG_WARN_ENUM_CONVERSION = YES;
				CLANG_WARN_INFINITE_RECURSION = YES;
				CLANG_WARN_INT_CONVERSION = YES;
				CLANG_WARN_NON_LITERAL_NULL_CONVERSION = YES;
				CLANG_WARN_OBJC_IMPLICIT_RETAIN_SELF = YES;
				CLANG_WARN_OBJC_LITERAL_CONVERSION = YES;
				CLANG_WARN_OBJC_ROOT_CLASS = YES_ERROR;
				CLANG_WARN_RANGE_LOOP_ANALYSIS = YES;
				CLANG_WARN_STRICT_PROTOTYPES = YES;
				CLANG_WARN_SUSPICIOUS_MOVE = YES;
				CLANG_WARN_UNGUARDED_AVAILABILITY = YES_AGGRESSIVE;
				CLANG_WARN_UNREACHABLE_CODE = YES;
				CLANG_WARN__DUPLICATE_METHOD_MATCH = YES;
				CODE_SIGN_IDENTITY = "iPhone Developer";
				COPY_PHASE_STRIP = NO;
				CURRENT_PROJECT_VERSION = 1;
				DEBUG_INFORMATION_FORMAT = "dwarf-with-dsym";
				ENABLE_NS_ASSERTIONS = NO;
				ENABLE_STRICT_OBJC_MSGSEND = YES;
				GCC_C_LANGUAGE_STANDARD = gnu11;
				GCC_NO_COMMON_BLOCKS = YES;
				GCC_WARN_64_TO_32_BIT_CONVERSION = YES;
				GCC_WARN_ABOUT_RETURN_TYPE = YES_ERROR;
				GCC_WARN_UNDECLARED_SELECTOR = YES;
				GCC_WARN_UNINITIALIZED_AUTOS = YES_AGGRESSIVE;
				GCC_WARN_UNUSED_FUNCTION = YES;
				GCC_WARN_UNUSED_VARIABLE = YES;
				IPHONEOS_DEPLOYMENT_TARGET = 11.3;
				MTL_ENABLE_DEBUG_INFO = NO;
				SDKROOT = iphoneos;
				VALIDATE_PRODUCT = YES;
				VERSIONING_SYSTEM = "apple-generic";
				VERSION_INFO_PREFIX = "";
			};
			name = Release;
		};
		12150FEE20A985B90083A6FA /* Debug */ = {
			isa = XCBuildConfiguration;
			buildSettings = {
				CODE_SIGN_IDENTITY = "";
				CODE_SIGN_STYLE = Automatic;
				DEFINES_MODULE = YES;
				DYLIB_COMPATIBILITY_VERSION = 1;
				DYLIB_CURRENT_VERSION = 1;
				DYLIB_INSTALL_NAME_BASE = "@rpath";
				INFOPLIST_FILE = LLUICreator/Info.plist;
				INSTALL_PATH = "$(LOCAL_LIBRARY_DIR)/Frameworks";
				IPHONEOS_DEPLOYMENT_TARGET = 8.0;
				LD_RUNPATH_SEARCH_PATHS = (
					"$(inherited)",
					"@executable_path/Frameworks",
					"@loader_path/Frameworks",
				);
				LINK_WITH_STANDARD_LIBRARIES = NO;
				MACH_O_TYPE = staticlib;
				ONLY_ACTIVE_ARCH = NO;
				OTHER_CFLAGS = "-fembed-bitcode";
				PRODUCT_BUNDLE_IDENTIFIER = com.EZS.company.LLUICreator;
				PRODUCT_NAME = "$(TARGET_NAME:c99extidentifier)";
				SKIP_INSTALL = YES;
				TARGETED_DEVICE_FAMILY = "1,2";
			};
			name = Debug;
		};
		12150FEF20A985B90083A6FA /* Release */ = {
			isa = XCBuildConfiguration;
			buildSettings = {
				CODE_SIGN_IDENTITY = "";
				CODE_SIGN_STYLE = Automatic;
				DEFINES_MODULE = YES;
				DYLIB_COMPATIBILITY_VERSION = 1;
				DYLIB_CURRENT_VERSION = 1;
				DYLIB_INSTALL_NAME_BASE = "@rpath";
				INFOPLIST_FILE = LLUICreator/Info.plist;
				INSTALL_PATH = "$(LOCAL_LIBRARY_DIR)/Frameworks";
				IPHONEOS_DEPLOYMENT_TARGET = 8.0;
				LD_RUNPATH_SEARCH_PATHS = (
					"$(inherited)",
					"@executable_path/Frameworks",
					"@loader_path/Frameworks",
				);
				LINK_WITH_STANDARD_LIBRARIES = NO;
				MACH_O_TYPE = staticlib;
				ONLY_ACTIVE_ARCH = NO;
				OTHER_CFLAGS = "-fembed-bitcode";
				PRODUCT_BUNDLE_IDENTIFIER = com.EZS.company.LLUICreator;
				PRODUCT_NAME = "$(TARGET_NAME:c99extidentifier)";
				SKIP_INSTALL = YES;
				TARGETED_DEVICE_FAMILY = "1,2";
			};
			name = Release;
		};
		12150FF120A985B90083A6FA /* Debug */ = {
			isa = XCBuildConfiguration;
			buildSettings = {
				CODE_SIGN_STYLE = Automatic;
				INFOPLIST_FILE = LLUICreatorTests/Info.plist;
				LD_RUNPATH_SEARCH_PATHS = (
					"$(inherited)",
					"@executable_path/Frameworks",
					"@loader_path/Frameworks",
				);
				PRODUCT_BUNDLE_IDENTIFIER = com.EZS.company.LLUICreatorTests;
				PRODUCT_NAME = "$(TARGET_NAME)";
				TARGETED_DEVICE_FAMILY = "1,2";
			};
			name = Debug;
		};
		12150FF220A985B90083A6FA /* Release */ = {
			isa = XCBuildConfiguration;
			buildSettings = {
				CODE_SIGN_STYLE = Automatic;
				INFOPLIST_FILE = LLUICreatorTests/Info.plist;
				LD_RUNPATH_SEARCH_PATHS = (
					"$(inherited)",
					"@executable_path/Frameworks",
					"@loader_path/Frameworks",
				);
				PRODUCT_BUNDLE_IDENTIFIER = com.EZS.company.LLUICreatorTests;
				PRODUCT_NAME = "$(TARGET_NAME)";
				TARGETED_DEVICE_FAMILY = "1,2";
			};
			name = Release;
		};
/* End XCBuildConfiguration section */

/* Begin XCConfigurationList section */
		12150FD320A985B90083A6FA /* Build configuration list for PBXProject "LLUICreator" */ = {
			isa = XCConfigurationList;
			buildConfigurations = (
				12150FEB20A985B90083A6FA /* Debug */,
				12150FEC20A985B90083A6FA /* Release */,
			);
			defaultConfigurationIsVisible = 0;
			defaultConfigurationName = Release;
		};
		12150FED20A985B90083A6FA /* Build configuration list for PBXNativeTarget "LLUICreator" */ = {
			isa = XCConfigurationList;
			buildConfigurations = (
				12150FEE20A985B90083A6FA /* Debug */,
				12150FEF20A985B90083A6FA /* Release */,
			);
			defaultConfigurationIsVisible = 0;
			defaultConfigurationName = Release;
		};
		12150FF020A985B90083A6FA /* Build configuration list for PBXNativeTarget "LLUICreatorTests" */ = {
			isa = XCConfigurationList;
			buildConfigurations = (
				12150FF120A985B90083A6FA /* Debug */,
				12150FF220A985B90083A6FA /* Release */,
			);
			defaultConfigurationIsVisible = 0;
			defaultConfigurationName = Release;
		};
/* End XCConfigurationList section */
	};
	rootObject = 12150FD020A985B90083A6FA /* Project object */;
}
